// !$*UTF8*$!
{
	archiveVersion = 1;
	classes = {
	};
	objectVersion = 50;
	objects = {

/* Begin PBXBuildFile section */
		4105AACE2508F07C00B4CBBF /* AppDelegate.swift in Sources */ = {isa = PBXBuildFile; fileRef = 4105AACD2508F07C00B4CBBF /* AppDelegate.swift */; };
		4105AAD02508F07C00B4CBBF /* SceneDelegate.swift in Sources */ = {isa = PBXBuildFile; fileRef = 4105AACF2508F07C00B4CBBF /* SceneDelegate.swift */; };
		4105AAD22508F07C00B4CBBF /* ContentView.swift in Sources */ = {isa = PBXBuildFile; fileRef = 4105AAD12508F07C00B4CBBF /* ContentView.swift */; };
		4105AAD42508F08000B4CBBF /* Assets.xcassets in Resources */ = {isa = PBXBuildFile; fileRef = 4105AAD32508F08000B4CBBF /* Assets.xcassets */; };
		4105AAD72508F08000B4CBBF /* Preview Assets.xcassets in Resources */ = {isa = PBXBuildFile; fileRef = 4105AAD62508F08000B4CBBF /* Preview Assets.xcassets */; };
		4105AADA2508F08000B4CBBF /* LaunchScreen.storyboard in Resources */ = {isa = PBXBuildFile; fileRef = 4105AAD82508F08000B4CBBF /* LaunchScreen.storyboard */; };
		4105AAE52508F08000B4CBBF /* AliCardTests.swift in Sources */ = {isa = PBXBuildFile; fileRef = 4105AAE42508F08000B4CBBF /* AliCardTests.swift */; };
		4105AAF02508F08100B4CBBF /* AliCardUITests.swift in Sources */ = {isa = PBXBuildFile; fileRef = 4105AAEF2508F08100B4CBBF /* AliCardUITests.swift */; };
/* End PBXBuildFile section */

/* Begin PBXContainerItemProxy section */
		4105AAE12508F08000B4CBBF /* PBXContainerItemProxy */ = {
			isa = PBXContainerItemProxy;
			containerPortal = 4105AAC22508F07C00B4CBBF /* Project object */;
			proxyType = 1;
			remoteGlobalIDString = 4105AAC92508F07C00B4CBBF;
			remoteInfo = AliCard;
		};
		4105AAEC2508F08100B4CBBF /* PBXContainerItemProxy */ = {
			isa = PBXContainerItemProxy;
			containerPortal = 4105AAC22508F07C00B4CBBF /* Project object */;
			proxyType = 1;
			remoteGlobalIDString = 4105AAC92508F07C00B4CBBF;
			remoteInfo = AliCard;
		};
/* End PBXContainerItemProxy section */

/* Begin PBXFileReference section */
		4105AACA2508F07C00B4CBBF /* AliCard.app */ = {isa = PBXFileReference; explicitFileType = wrapper.application; includeInIndex = 0; path = AliCard.app; sourceTree = BUILT_PRODUCTS_DIR; };
		4105AACD2508F07C00B4CBBF /* AppDelegate.swift */ = {isa = PBXFileReference; lastKnownFileType = sourcecode.swift; path = AppDelegate.swift; sourceTree = "<group>"; };
		4105AACF2508F07C00B4CBBF /* SceneDelegate.swift */ = {isa = PBXFileReference; lastKnownFileType = sourcecode.swift; path = SceneDelegate.swift; sourceTree = "<group>"; };
		4105AAD12508F07C00B4CBBF /* ContentView.swift */ = {isa = PBXFileReference; lastKnownFileType = sourcecode.swift; path = ContentView.swift; sourceTree = "<group>"; };
		4105AAD32508F08000B4CBBF /* Assets.xcassets */ = {isa = PBXFileReference; lastKnownFileType = folder.assetcatalog; path = Assets.xcassets; sourceTree = "<group>"; };
		4105AAD62508F08000B4CBBF /* Preview Assets.xcassets */ = {isa = PBXFileReference; lastKnownFileType = folder.assetcatalog; path = "Preview Assets.xcassets"; sourceTree = "<group>"; };
		4105AAD92508F08000B4CBBF /* Base */ = {isa = PBXFileReference; lastKnownFileType = file.storyboard; name = Base; path = Base.lproj/LaunchScreen.storyboard; sourceTree = "<group>"; };
		4105AADB2508F08000B4CBBF /* Info.plist */ = {isa = PBXFileReference; lastKnownFileType = text.plist.xml; path = Info.plist; sourceTree = "<group>"; };
		4105AAE02508F08000B4CBBF /* AliCardTests.xctest */ = {isa = PBXFileReference; explicitFileType = wrapper.cfbundle; includeInIndex = 0; path = AliCardTests.xctest; sourceTree = BUILT_PRODUCTS_DIR; };
		4105AAE42508F08000B4CBBF /* AliCardTests.swift */ = {isa = PBXFileReference; lastKnownFileType = sourcecode.swift; path = AliCardTests.swift; sourceTree = "<group>"; };
		4105AAE62508F08000B4CBBF /* Info.plist */ = {isa = PBXFileReference; lastKnownFileType = text.plist.xml; path = Info.plist; sourceTree = "<group>"; };
		4105AAEB2508F08100B4CBBF /* AliCardUITests.xctest */ = {isa = PBXFileReference; explicitFileType = wrapper.cfbundle; includeInIndex = 0; path = AliCardUITests.xctest; sourceTree = BUILT_PRODUCTS_DIR; };
		4105AAEF2508F08100B4CBBF /* AliCardUITests.swift */ = {isa = PBXFileReference; lastKnownFileType = sourcecode.swift; path = AliCardUITests.swift; sourceTree = "<group>"; };
		4105AAF12508F08100B4CBBF /* Info.plist */ = {isa = PBXFileReference; lastKnownFileType = text.plist.xml; path = Info.plist; sourceTree = "<group>"; };
/* End PBXFileReference section */

/* Begin PBXFrameworksBuildPhase section */
		4105AAC72508F07C00B4CBBF /* Frameworks */ = {
			isa = PBXFrameworksBuildPhase;
			buildActionMask = 2147483647;
			files = (
			);
			runOnlyForDeploymentPostprocessing = 0;
		};
		4105AADD2508F08000B4CBBF /* Frameworks */ = {
			isa = PBXFrameworksBuildPhase;
			buildActionMask = 2147483647;
			files = (
			);
			runOnlyForDeploymentPostprocessing = 0;
		};
		4105AAE82508F08100B4CBBF /* Frameworks */ = {
			isa = PBXFrameworksBuildPhase;
			buildActionMask = 2147483647;
			files = (
			);
			runOnlyForDeploymentPostprocessing = 0;
		};
/* End PBXFrameworksBuildPhase section */

/* Begin PBXGroup section */
		4105AAC12508F07C00B4CBBF = {
			isa = PBXGroup;
			children = (
				4105AACC2508F07C00B4CBBF /* AliCard */,
				4105AAE32508F08000B4CBBF /* AliCardTests */,
				4105AAEE2508F08100B4CBBF /* AliCardUITests */,
				4105AACB2508F07C00B4CBBF /* Products */,
			);
			sourceTree = "<group>";
		};
		4105AACB2508F07C00B4CBBF /* Products */ = {
			isa = PBXGroup;
			children = (
				4105AACA2508F07C00B4CBBF /* AliCard.app */,
				4105AAE02508F08000B4CBBF /* AliCardTests.xctest */,
				4105AAEB2508F08100B4CBBF /* AliCardUITests.xctest */,
			);
			name = Products;
			sourceTree = "<group>";
		};
		4105AACC2508F07C00B4CBBF /* AliCard */ = {
			isa = PBXGroup;
			children = (
				4105AACD2508F07C00B4CBBF /* AppDelegate.swift */,
				4105AACF2508F07C00B4CBBF /* SceneDelegate.swift */,
				4105AAD12508F07C00B4CBBF /* ContentView.swift */,
				4105AAD32508F08000B4CBBF /* Assets.xcassets */,
				4105AAD82508F08000B4CBBF /* LaunchScreen.storyboard */,
				4105AADB2508F08000B4CBBF /* Info.plist */,
				4105AAD52508F08000B4CBBF /* Preview Content */,
			);
			path = AliCard;
			sourceTree = "<group>";
		};
		4105AAD52508F08000B4CBBF /* Preview Content */ = {
			isa = PBXGroup;
			children = (
				4105AAD62508F08000B4CBBF /* Preview Assets.xcassets */,
			);
			path = "Preview Content";
			sourceTree = "<group>";
		};
		4105AAE32508F08000B4CBBF /* AliCardTests */ = {
			isa = PBXGroup;
			children = (
				4105AAE42508F08000B4CBBF /* AliCardTests.swift */,
				4105AAE62508F08000B4CBBF /* Info.plist */,
			);
			path = AliCardTests;
			sourceTree = "<group>";
		};
		4105AAEE2508F08100B4CBBF /* AliCardUITests */ = {
			isa = PBXGroup;
			children = (
				4105AAEF2508F08100B4CBBF /* AliCardUITests.swift */,
				4105AAF12508F08100B4CBBF /* Info.plist */,
			);
			path = AliCardUITests;
			sourceTree = "<group>";
		};
/* End PBXGroup section */

/* Begin PBXNativeTarget section */
		4105AAC92508F07C00B4CBBF /* AliCard */ = {
			isa = PBXNativeTarget;
			buildConfigurationList = 4105AAF42508F08100B4CBBF /* Build configuration list for PBXNativeTarget "AliCard" */;
			buildPhases = (
				4105AAC62508F07C00B4CBBF /* Sources */,
				4105AAC72508F07C00B4CBBF /* Frameworks */,
				4105AAC82508F07C00B4CBBF /* Resources */,
			);
			buildRules = (
			);
			dependencies = (
			);
			name = AliCard;
			productName = AliCard;
			productReference = 4105AACA2508F07C00B4CBBF /* AliCard.app */;
			productType = "com.apple.product-type.application";
		};
		4105AADF2508F08000B4CBBF /* AliCardTests */ = {
			isa = PBXNativeTarget;
			buildConfigurationList = 4105AAF72508F08100B4CBBF /* Build configuration list for PBXNativeTarget "AliCardTests" */;
			buildPhases = (
				4105AADC2508F08000B4CBBF /* Sources */,
				4105AADD2508F08000B4CBBF /* Frameworks */,
				4105AADE2508F08000B4CBBF /* Resources */,
			);
			buildRules = (
			);
			dependencies = (
				4105AAE22508F08000B4CBBF /* PBXTargetDependency */,
			);
			name = AliCardTests;
			productName = AliCardTests;
			productReference = 4105AAE02508F08000B4CBBF /* AliCardTests.xctest */;
			productType = "com.apple.product-type.bundle.unit-test";
		};
		4105AAEA2508F08100B4CBBF /* AliCardUITests */ = {
			isa = PBXNativeTarget;
			buildConfigurationList = 4105AAFA2508F08100B4CBBF /* Build configuration list for PBXNativeTarget "AliCardUITests" */;
			buildPhases = (
				4105AAE72508F08100B4CBBF /* Sources */,
				4105AAE82508F08100B4CBBF /* Frameworks */,
				4105AAE92508F08100B4CBBF /* Resources */,
			);
			buildRules = (
			);
			dependencies = (
				4105AAED2508F08100B4CBBF /* PBXTargetDependency */,
			);
			name = AliCardUITests;
			productName = AliCardUITests;
			productReference = 4105AAEB2508F08100B4CBBF /* AliCardUITests.xctest */;
			productType = "com.apple.product-type.bundle.ui-testing";
		};
/* End PBXNativeTarget section */

/* Begin PBXProject section */
		4105AAC22508F07C00B4CBBF /* Project object */ = {
			isa = PBXProject;
			attributes = {
				LastSwiftUpdateCheck = 1150;
				LastUpgradeCheck = 1150;
				ORGANIZATIONNAME = "Ali Abidi";
				TargetAttributes = {
					4105AAC92508F07C00B4CBBF = {
						CreatedOnToolsVersion = 11.5;
					};
					4105AADF2508F08000B4CBBF = {
						CreatedOnToolsVersion = 11.5;
						TestTargetID = 4105AAC92508F07C00B4CBBF;
					};
					4105AAEA2508F08100B4CBBF = {
						CreatedOnToolsVersion = 11.5;
						TestTargetID = 4105AAC92508F07C00B4CBBF;
					};
				};
			};
			buildConfigurationList = 4105AAC52508F07C00B4CBBF /* Build configuration list for PBXProject "AliCard" */;
			compatibilityVersion = "Xcode 9.3";
			developmentRegion = en;
			hasScannedForEncodings = 0;
			knownRegions = (
				en,
				Base,
			);
			mainGroup = 4105AAC12508F07C00B4CBBF;
			productRefGroup = 4105AACB2508F07C00B4CBBF /* Products */;
			projectDirPath = "";
			projectRoot = "";
			targets = (
				4105AAC92508F07C00B4CBBF /* AliCard */,
				4105AADF2508F08000B4CBBF /* AliCardTests */,
				4105AAEA2508F08100B4CBBF /* AliCardUITests */,
			);
		};
/* End PBXProject section */

/* Begin PBXResourcesBuildPhase section */
		4105AAC82508F07C00B4CBBF /* Resources */ = {
			isa = PBXResourcesBuildPhase;
			buildActionMask = 2147483647;
			files = (
				4105AADA2508F08000B4CBBF /* LaunchScreen.storyboard in Resources */,
				4105AAD72508F08000B4CBBF /* Preview Assets.xcassets in Resources */,
				4105AAD42508F08000B4CBBF /* Assets.xcassets in Resources */,
			);
			runOnlyForDeploymentPostprocessing = 0;
		};
		4105AADE2508F08000B4CBBF /* Resources */ = {
			isa = PBXResourcesBuildPhase;
			buildActionMask = 2147483647;
			files = (
			);
			runOnlyForDeploymentPostprocessing = 0;
		};
		4105AAE92508F08100B4CBBF /* Resources */ = {
			isa = PBXResourcesBuildPhase;
			buildActionMask = 2147483647;
			files = (
			);
			runOnlyForDeploymentPostprocessing = 0;
		};
/* End PBXResourcesBuildPhase section */

/* Begin PBXSourcesBuildPhase section */
		4105AAC62508F07C00B4CBBF /* Sources */ = {
			isa = PBXSourcesBuildPhase;
			buildActionMask = 2147483647;
			files = (
				4105AACE2508F07C00B4CBBF /* AppDelegate.swift in Sources */,
				4105AAD02508F07C00B4CBBF /* SceneDelegate.swift in Sources */,
				4105AAD22508F07C00B4CBBF /* ContentView.swift in Sources */,
			);
			runOnlyForDeploymentPostprocessing = 0;
		};
		4105AADC2508F08000B4CBBF /* Sources */ = {
			isa = PBXSourcesBuildPhase;
			buildActionMask = 2147483647;
			files = (
				4105AAE52508F08000B4CBBF /* AliCardTests.swift in Sources */,
			);
			runOnlyForDeploymentPostprocessing = 0;
		};
		4105AAE72508F08100B4CBBF /* Sources */ = {
			isa = PBXSourcesBuildPhase;
			buildActionMask = 2147483647;
			files = (
				4105AAF02508F08100B4CBBF /* AliCardUITests.swift in Sources */,
			);
			runOnlyForDeploymentPostprocessing = 0;
		};
/* End PBXSourcesBuildPhase section */

/* Begin PBXTargetDependency section */
		4105AAE22508F08000B4CBBF /* PBXTargetDependency */ = {
			isa = PBXTargetDependency;
			target = 4105AAC92508F07C00B4CBBF /* AliCard */;
			targetProxy = 4105AAE12508F08000B4CBBF /* PBXContainerItemProxy */;
		};
		4105AAED2508F08100B4CBBF /* PBXTargetDependency */ = {
			isa = PBXTargetDependency;
			target = 4105AAC92508F07C00B4CBBF /* AliCard */;
			targetProxy = 4105AAEC2508F08100B4CBBF /* PBXContainerItemProxy */;
		};
/* End PBXTargetDependency section */

/* Begin PBXVariantGroup section */
		4105AAD82508F08000B4CBBF /* LaunchScreen.storyboard */ = {
			isa = PBXVariantGroup;
			children = (
				4105AAD92508F08000B4CBBF /* Base */,
			);
			name = LaunchScreen.storyboard;
			sourceTree = "<group>";
		};
/* End PBXVariantGroup section */

/* Begin XCBuildConfiguration section */
		4105AAF22508F08100B4CBBF /* Debug */ = {
			isa = XCBuildConfiguration;
			buildSettings = {
				ALWAYS_SEARCH_USER_PATHS = NO;
				CLANG_ANALYZER_NONNULL = YES;
				CLANG_ANALYZER_NUMBER_OBJECT_CONVERSION = YES_AGGRESSIVE;
				CLANG_CXX_LANGUAGE_STANDARD = "gnu++14";
				CLANG_CXX_LIBRARY = "libc++";
				CLANG_ENABLE_MODULES = YES;
				CLANG_ENABLE_OBJC_ARC = YES;
				CLANG_ENABLE_OBJC_WEAK = YES;
				CLANG_WARN_BLOCK_CAPTURE_AUTORELEASING = YES;
				CLANG_WARN_BOOL_CONVERSION = YES;
				CLANG_WARN_COMMA = YES;
				CLANG_WARN_CONSTANT_CONVERSION = YES;
				CLANG_WARN_DEPRECATED_OBJC_IMPLEMENTATIONS = YES;
				CLANG_WARN_DIRECT_OBJC_ISA_USAGE = YES_ERROR;
				CLANG_WARN_DOCUMENTATION_COMMENTS = YES;
				CLANG_WARN_EMPTY_BODY = YES;
				CLANG_WARN_ENUM_CONVERSION = YES;
				CLANG_WARN_INFINITE_RECURSION = YES;
				CLANG_WARN_INT_CONVERSION = YES;
				CLANG_WARN_NON_LITERAL_NULL_CONVERSION = YES;
				CLANG_WARN_OBJC_IMPLICIT_RETAIN_SELF = YES;
				CLANG_WARN_OBJC_LITERAL_CONVERSION = YES;
				CLANG_WARN_OBJC_ROOT_CLASS = YES_ERROR;
				CLANG_WARN_RANGE_LOOP_ANALYSIS = YES;
				CLANG_WARN_STRICT_PROTOTYPES = YES;
				CLANG_WARN_SUSPICIOUS_MOVE = YES;
				CLANG_WARN_UNGUARDED_AVAILABILITY = YES_AGGRESSIVE;
				CLANG_WARN_UNREACHABLE_CODE = YES;
				CLANG_WARN__DUPLICATE_METHOD_MATCH = YES;
				COPY_PHASE_STRIP = NO;
				DEBUG_INFORMATION_FORMAT = dwarf;
				ENABLE_STRICT_OBJC_MSGSEND = YES;
				ENABLE_TESTABILITY = YES;
				GCC_C_LANGUAGE_STANDARD = gnu11;
				GCC_DYNAMIC_NO_PIC = NO;
				GCC_NO_COMMON_BLOCKS = YES;
				GCC_OPTIMIZATION_LEVEL = 0;
				GCC_PREPROCESSOR_DEFINITIONS = (
					"DEBUG=1",
					"$(inherited)",
				);
				GCC_WARN_64_TO_32_BIT_CONVERSION = YES;
				GCC_WARN_ABOUT_RETURN_TYPE = YES_ERROR;
				GCC_WARN_UNDECLARED_SELECTOR = YES;
				GCC_WARN_UNINITIALIZED_AUTOS = YES_AGGRESSIVE;
				GCC_WARN_UNUSED_FUNCTION = YES;
				GCC_WARN_UNUSED_VARIABLE = YES;
				IPHONEOS_DEPLOYMENT_TARGET = 13.5;
				MTL_ENABLE_DEBUG_INFO = INCLUDE_SOURCE;
				MTL_FAST_MATH = YES;
				ONLY_ACTIVE_ARCH = YES;
				SDKROOT = iphoneos;
				SWIFT_ACTIVE_COMPILATION_CONDITIONS = DEBUG;
				SWIFT_OPTIMIZATION_LEVEL = "-Onone";
			};
			name = Debug;
		};
		4105AAF32508F08100B4CBBF /* Release */ = {
			isa = XCBuildConfiguration;
			buildSettings = {
				ALWAYS_SEARCH_USER_PATHS = NO;
				CLANG_ANALYZER_NONNULL = YES;
				CLANG_ANALYZER_NUMBER_OBJECT_CONVERSION = YES_AGGRESSIVE;
				CLANG_CXX_LANGUAGE_STANDARD = "gnu++14";
				CLANG_CXX_LIBRARY = "libc++";
				CLANG_ENABLE_MODULES = YES;
				CLANG_ENABLE_OBJC_ARC = YES;
				CLANG_ENABLE_OBJC_WEAK = YES;
				CLANG_WARN_BLOCK_CAPTURE_AUTORELEASING = YES;
				CLANG_WARN_BOOL_CONVERSION = YES;
				CLANG_WARN_COMMA = YES;
				CLANG_WARN_CONSTANT_CONVERSION = YES;
				CLANG_WARN_DEPRECATED_OBJC_IMPLEMENTATIONS = YES;
				CLANG_WARN_DIRECT_OBJC_ISA_USAGE = YES_ERROR;
				CLANG_WARN_DOCUMENTATION_COMMENTS = YES;
				CLANG_WARN_EMPTY_BODY = YES;
				CLANG_WARN_ENUM_CONVERSION = YES;
				CLANG_WARN_INFINITE_RECURSION = YES;
				CLANG_WARN_INT_CONVERSION = YES;
				CLANG_WARN_NON_LITERAL_NULL_CONVERSION = YES;
				CLANG_WARN_OBJC_IMPLICIT_RETAIN_SELF = YES;
				CLANG_WARN_OBJC_LITERAL_CONVERSION = YES;
				CLANG_WARN_OBJC_ROOT_CLASS = YES_ERROR;
				CLANG_WARN_RANGE_LOOP_ANALYSIS = YES;
				CLANG_WARN_STRICT_PROTOTYPES = YES;
				CLANG_WARN_SUSPICIOUS_MOVE = YES;
				CLANG_WARN_UNGUARDED_AVAILABILITY = YES_AGGRESSIVE;
				CLANG_WARN_UNREACHABLE_CODE = YES;
				CLANG_WARN__DUPLICATE_METHOD_MATCH = YES;
				COPY_PHASE_STRIP = NO;
				DEBUG_INFORMATION_FORMAT = "dwarf-with-dsym";
				ENABLE_NS_ASSERTIONS = NO;
				ENABLE_STRICT_OBJC_MSGSEND = YES;
				GCC_C_LANGUAGE_STANDARD = gnu11;
				GCC_NO_COMMON_BLOCKS = YES;
				GCC_WARN_64_TO_32_BIT_CONVERSION = YES;
				GCC_WARN_ABOUT_RETURN_TYPE = YES_ERROR;
				GCC_WARN_UNDECLARED_SELECTOR = YES;
				GCC_WARN_UNINITIALIZED_AUTOS = YES_AGGRESSIVE;
				GCC_WARN_UNUSED_FUNCTION = YES;
				GCC_WARN_UNUSED_VARIABLE = YES;
				IPHONEOS_DEPLOYMENT_TARGET = 13.5;
				MTL_ENABLE_DEBUG_INFO = NO;
				MTL_FAST_MATH = YES;
				SDKROOT = iphoneos;
				SWIFT_COMPILATION_MODE = wholemodule;
				SWIFT_OPTIMIZATION_LEVEL = "-O";
				VALIDATE_PRODUCT = YES;
			};
			name = Release;
		};
		4105AAF52508F08100B4CBBF /* Debug */ = {
			isa = XCBuildConfiguration;
			buildSettings = {
				ASSETCATALOG_COMPILER_APPICON_NAME = AppIcon;
				CODE_SIGN_STYLE = Automatic;
				DEVELOPMENT_ASSET_PATHS = "\"AliCard/Preview Content\"";
				ENABLE_PREVIEWS = YES;
				INFOPLIST_FILE = AliCard/Info.plist;
				LD_RUNPATH_SEARCH_PATHS = (
					"$(inherited)",
					"@executable_path/Frameworks",
				);
				PRODUCT_BUNDLE_IDENTIFIER = com.aliabidi.AliCard;
				PRODUCT_NAME = "$(TARGET_NAME)";
				SWIFT_VERSION = 5.0;
				TARGETED_DEVICE_FAMILY = "1,2";
			};
			name = Debug;
		};
		4105AAF62508F08100B4CBBF /* Release */ = {
			isa = XCBuildConfiguration;
			buildSettings = {
				ASSETCATALOG_COMPILER_APPICON_NAME = AppIcon;
				CODE_SIGN_STYLE = Automatic;
				DEVELOPMENT_ASSET_PATHS = "\"AliCard/Preview Content\"";
				ENABLE_PREVIEWS = YES;
				INFOPLIST_FILE = AliCard/Info.plist;
				LD_RUNPATH_SEARCH_PATHS = (
					"$(inherited)",
					"@executable_path/Frameworks",
				);
				PRODUCT_BUNDLE_IDENTIFIER = com.aliabidi.AliCard;
				PRODUCT_NAME = "$(TARGET_NAME)";
				SWIFT_VERSION = 5.0;
				TARGETED_DEVICE_FAMILY = "1,2";
			};
			name = Release;
		};
		4105AAF82508F08100B4CBBF /* Debug */ = {
			isa = XCBuildConfiguration;
			buildSettings = {
				ALWAYS_EMBED_SWIFT_STANDARD_LIBRARIES = YES;
				BUNDLE_LOADER = "$(TEST_HOST)";
				CODE_SIGN_STYLE = Automatic;
				INFOPLIST_FILE = AliCardTests/Info.plist;
				IPHONEOS_DEPLOYMENT_TARGET = 13.5;
				LD_RUNPATH_SEARCH_PATHS = (
					"$(inherited)",
					"@executable_path/Frameworks",
					"@loader_path/Frameworks",
				);
				PRODUCT_BUNDLE_IDENTIFIER = com.aliabidi.AliCardTests;
				PRODUCT_NAME = "$(TARGET_NAME)";
				SWIFT_VERSION = 5.0;
				TARGETED_DEVICE_FAMILY = "1,2";
				TEST_HOST = "$(BUILT_PRODUCTS_DIR)/AliCard.app/AliCard";
			};
			name = Debug;
		};
		4105AAF92508F08100B4CBBF /* Release */ = {
			isa = XCBuildConfiguration;
			buildSettings = {
				ALWAYS_EMBED_SWIFT_STANDARD_LIBRARIES = YES;
				BUNDLE_LOADER = "$(TEST_HOST)";
				CODE_SIGN_STYLE = Automatic;
				INFOPLIST_FILE = AliCardTests/Info.plist;
				IPHONEOS_DEPLOYMENT_TARGET = 13.5;
				LD_RUNPATH_SEARCH_PATHS = (
					"$(inherited)",
					"@executable_path/Frameworks",
					"@loader_path/Frameworks",
				);
				PRODUCT_BUNDLE_IDENTIFIER = com.aliabidi.AliCardTests;
				PRODUCT_NAME = "$(TARGET_NAME)";
				SWIFT_VERSION = 5.0;
				TARGETED_DEVICE_FAMILY = "1,2";
				TEST_HOST = "$(BUILT_PRODUCTS_DIR)/AliCard.app/AliCard";
			};
			name = Release;
		};
		4105AAFB2508F08100B4CBBF /* Debug */ = {
			isa = XCBuildConfiguration;
			buildSettings = {
				ALWAYS_EMBED_SWIFT_STANDARD_LIBRARIES = YES;
				CODE_SIGN_STYLE = Automatic;
				INFOPLIST_FILE = AliCardUITests/Info.plist;
				LD_RUNPATH_SEARCH_PATHS = (
					"$(inherited)",
					"@executable_path/Frameworks",
					"@loader_path/Frameworks",
				);
				PRODUCT_BUNDLE_IDENTIFIER = com.aliabidi.AliCardUITests;
				PRODUCT_NAME = "$(TARGET_NAME)";
				SWIFT_VERSION = 5.0;
				TARGETED_DEVICE_FAMILY = "1,2";
				TEST_TARGET_NAME = AliCard;
			};
			name = Debug;
		};
		4105AAFC2508F08100B4CBBF /* Release */ = {
			isa = XCBuildConfiguration;
			buildSettings = {
				ALWAYS_EMBED_SWIFT_STANDARD_LIBRARIES = YES;
				CODE_SIGN_STYLE = Automatic;
				INFOPLIST_FILE = AliCardUITests/Info.plist;
				LD_RUNPATH_SEARCH_PATHS = (
					"$(inherited)",
					"@executable_path/Frameworks",
					"@loader_path/Frameworks",
				);
				PRODUCT_BUNDLE_IDENTIFIER = com.aliabidi.AliCardUITests;
				PRODUCT_NAME = "$(TARGET_NAME)";
				SWIFT_VERSION = 5.0;
				TARGETED_DEVICE_FAMILY = "1,2";
				TEST_TARGET_NAME = AliCard;
			};
			name = Release;
		};
/* End XCBuildConfiguration section */

/* Begin XCConfigurationList section */
		4105AAC52508F07C00B4CBBF /* Build configuration list for PBXProject "AliCard" */ = {
			isa = XCConfigurationList;
			buildConfigurations = (
				4105AAF22508F08100B4CBBF /* Debug */,
				4105AAF32508F08100B4CBBF /* Release */,
			);
			defaultConfigurationIsVisible = 0;
			defaultConfigurationName = Release;
		};
		4105AAF42508F08100B4CBBF /* Build configuration list for PBXNativeTarget "AliCard" */ = {
			isa = XCConfigurationList;
			buildConfigurations = (
				4105AAF52508F08100B4CBBF /* Debug */,
				4105AAF62508F08100B4CBBF /* Release */,
			);
			defaultConfigurationIsVisible = 0;
			defaultConfigurationName = Release;
		};
		4105AAF72508F08100B4CBBF /* Build configuration list for PBXNativeTarget "AliCardTests" */ = {
			isa = XCConfigurationList;
			buildConfigurations = (
				4105AAF82508F08100B4CBBF /* Debug */,
				4105AAF92508F08100B4CBBF /* Release */,
			);
			defaultConfigurationIsVisible = 0;
			defaultConfigurationName = Release;
		};
		4105AAFA2508F08100B4CBBF /* Build configuration list for PBXNativeTarget "AliCardUITests" */ = {
			isa = XCConfigurationList;
			buildConfigurations = (
				4105AAFB2508F08100B4CBBF /* Debug */,
				4105AAFC2508F08100B4CBBF /* Release */,
			);
			defaultConfigurationIsVisible = 0;
			defaultConfigurationName = Release;
		};
/* End XCConfigurationList section */
	};
	rootObject = 4105AAC22508F07C00B4CBBF /* Project object */;
}
